PODS:
  - app_links (7.0.0):
    - Flutter
  - CocoaLumberjack (3.8.5):
    - CocoaLumberjack/Core (= 3.8.5)
  - CocoaLumberjack/Core (3.8.5)
  - Flutter (1.0.0)
  - flutter_background_geolocation (5.0.7):
    - CocoaLumberjack (~> 3.8.5)
    - Flutter
    - TSLocationManager (~> 4.0.10)
  - geolocator_apple (1.2.0):
    - Flutter
    - FlutterMacOS
  - mapbox_maps_flutter (2.20.1):
    - Flutter
    - MapboxMaps (= 11.20.2)
    - Turf (= 4.0.0)
  - MapboxCommon (24.20.2):
    - Turf (= 4.0.0)
  - MapboxCoreMaps (11.20.2):
    - MapboxCommon (= 24.20.2)
  - MapboxMaps (11.20.2):
    - MapboxCommon (= 24.20.2)
    - MapboxCoreMaps (= 11.20.2)
    - Turf (= 4.0.0)
  - permission_handler_apple (9.3.0):
    - Flutter
  - shared_preferences_foundation (0.0.1):
    - Flutter
    - FlutterMacOS
  - TSBackgroundFetch (4.0.6)
  - TSLocationManager (4.0.32):
    - TSBackgroundFetch (~> 4.0.6)
  - Turf (4.0.0)
  - url_launcher_ios (0.0.1):
    - Flutter

DEPENDENCIES:
  - app_links (from `.symlinks/plugins/app_links/ios`)
  - Flutter (from `Flutter`)
  - flutter_background_geolocation (from `.symlinks/plugins/flutter_background_geolocation/ios`)
  - geolocator_apple (from `.symlinks/plugins/geolocator_apple/darwin`)
  - mapbox_maps_flutter (from `.symlinks/plugins/mapbox_maps_flutter/ios`)
  - permission_handler_apple (from `.symlinks/plugins/permission_handler_apple/ios`)
  - shared_preferences_foundation (from `.symlinks/plugins/shared_preferences_foundation/darwin`)
  - url_launcher_ios (from `.symlinks/plugins/url_launcher_ios/ios`)

SPEC REPOS:
  trunk:
    - CocoaLumberjack
    - MapboxCommon
    - MapboxCoreMaps
    - MapboxMaps
    - TSBackgroundFetch
    - TSLocationManager
    - Turf

EXTERNAL SOURCES:
  app_links:
    :path: ".symlinks/plugins/app_links/ios"
  Flutter:
    :path: Flutter
  flutter_background_geolocation:
    :path: ".symlinks/plugins/flutter_background_geolocation/ios"
  geolocator_apple:
    :path: ".symlinks/plugins/geolocator_apple/darwin"
  mapbox_maps_flutter:
    :path: ".symlinks/plugins/mapbox_maps_flutter/ios"
  permission_handler_apple:
    :path: ".symlinks/plugins/permission_handler_apple/ios"
  shared_preferences_foundation:
    :path: ".symlinks/plugins/shared_preferences_foundation/darwin"
  url_launcher_ios:
    :path: ".symlinks/plugins/url_launcher_ios/ios"

SPEC CHECKSUMS:
  app_links: a754cbec3c255bd4bbb4d236ecc06f28cd9a7ce8
  CocoaLumberjack: 6a459bc897d6d80bd1b8c78482ec7ad05dffc3f0
  Flutter: cabc95a1d2626b1b06e7179b784ebcf0c0cde467
  flutter_background_geolocation: 6f3f31e345145f404a32b5d4425a707da5434779
  geolocator_apple: ab36aa0e8b7d7a2d7639b3b4e48308394e8cef5e
  mapbox_maps_flutter: 5e12526de65723f5524c7433afee524b11b27b93
  MapboxCommon: 7a40d88a3257c0efe4b82daec742f45e29a1df89
  MapboxCoreMaps: c29c7be0e11aeaf2e9e8b3f521661a1436f5ad9a
  MapboxMaps: b2e0484e58daf80658fdcd444df1870756855fba
  permission_handler_apple: 4ed2196e43d0651e8ff7ca3483a069d469701f2d
  shared_preferences_foundation: 7036424c3d8ec98dfe75ff1667cb0cd531ec82bb
  TSBackgroundFetch: 0afbeaae4e1132866e1d4b6e55265af26b5958ae
  TSLocationManager: 35bd2a2f58bf9d3a168d887e4fbf70bfc138eccf
  Turf: c9eb11a65d96af58cac523460fd40fec5061b081
  url_launcher_ios: 7a95fa5b60cc718a708b8f2966718e93db0cef1b

PODFILE CHECKSUM: e30f02f9d1c72c47bb6344a0a748c9d268180865

COCOAPODS: 1.16.2
